
Microsoft Visual Studio Solution File, Format Version 12.00
# Visual Studio 15
VisualStudioVersion = 15.0.27703.2000
MinimumVisualStudioVersion = 10.0.40219.1
Project("{FAE04EC0-301F-11D3-BF4B-00C04F79EFBC}") = "WPF_Sample", "WPF_Sample\WPF_Sample.csproj", "{9535168C-7E6A-484C-97C3-C2774F54DA01}"
EndProject
Global
	GlobalSection(SolutionConfigurationPlatforms) = preSolution
		Debug|Any CPU = Debug|Any CPU
		Release|Any CPU = Release|Any CPU
	EndGlobalSection
	GlobalSection(ProjectConfigurationPlatforms) = postSolution
		{9535168C-7E6A-484C-97C3-C2774F54DA01}.Debug|Any CPU.ActiveCfg = Debug|Any CPU
		{9535168C-7E6A-484C-97C3-C2774F54DA01}.Debug|Any CPU.Build.0 = Debug|Any CPU
		{9535168C-7E6A-484C-97C3-C2774F54DA01}.Release|Any CPU.ActiveCfg = Release|Any CPU
		{9535168C-7E6A-484C-97C3-C2774F54DA01}.Release|Any CPU.Build.0 = Release|Any CPU
	EndGlobalSection
	GlobalSection(SolutionProperties) = preSolution
		HideSolutionNode = FALSE
	EndGlobalSection
	GlobalSection(ExtensibilityGlobals) = postSolution
		SolutionGuid = {9E6CC9F9-93B8-40CE-B90F-5D8AE826F85D}
	EndGlobalSection
EndGlobal
